# This file is automatically @generated by Cargo.
# It is not intended for manual editing.
version = 3

[[package]]
name = "ariadne"
version = "0.5.0"
source = "registry+https://github.com/rust-lang/crates.io-index"
checksum = "31beedec3ce83ae6da3a79592b3d8d7afd146a5b15bb9bb940279aced60faa89"
dependencies = [
 "unicode-width",
 "yansi",
]

[[package]]
name = "nectar"
version = "0.1.0"
dependencies = [
 "nectar-core",
]

[[package]]
name = "nectar-core"
version = "0.1.0"
dependencies = [
 "ariadne",
 "pathdiff",
 "yansi",
]

[[package]]
name = "pathdiff"
version = "0.2.2"
source = "registry+https://github.com/rust-lang/crates.io-index"
checksum = "d61c5ce1153ab5b689d0c074c4e7fc613e942dfb7dd9eea5ab202d2ad91fe361"

[[package]]
name = "unicode-width"
version = "0.1.14"
source = "registry+https://github.com/rust-lang/crates.io-index"
checksum = "7dd6e30e90baa6f72411720665d41d89b9a3d039dc45b8faea1ddd07f617f6af"

[[package]]
name = "yansi"
version = "1.0.1"
source = "registry+https://github.com/rust-lang/crates.io-index"
checksum = "cfe53a6657fd280eaa890a3bc59152892ffa3e30101319d168b781ed6529b049"
